// !$*UTF8*$!
{
	archiveVersion = 1;
	classes = {
	};
	objectVersion = 46;
	objects = {

/* Begin PBXBuildFile section */
		AB1B0D331E7AC8DD00D03A40 /* Assets.xcassets in Resources */ = {isa = PBXBuildFile; fileRef = AB1B0D321E7AC8DD00D03A40 /* Assets.xcassets */; };
		AB7C13DC1CAFC20C003167F2 /* StoreKit.framework in Frameworks */ = {isa = PBXBuildFile; fileRef = AB7C13DB1CAFC20C003167F2 /* StoreKit.framework */; };
		AB8927C61E7AA27300546E06 /* AppDelegate.swift in Sources */ = {isa = PBXBuildFile; fileRef = AB8927A01E7AA27300546E06 /* AppDelegate.swift */; };
		AB8927C81E7AA27300546E06 /* Base.lproj in Resources */ = {isa = PBXBuildFile; fileRef = AB8927A21E7AA27300546E06 /* Base.lproj */; };
		AB8927C91E7AA27300546E06 /* CustomColors.swift in Sources */ = {isa = PBXBuildFile; fileRef = AB8927A31E7AA27300546E06 /* CustomColors.swift */; };
		AB8927CA1E7AA27300546E06 /* CustomFonts.swift in Sources */ = {isa = PBXBuildFile; fileRef = AB8927A41E7AA27300546E06 /* CustomFonts.swift */; };
		AB8927CB1E7AA27300546E06 /* DemoScene.swift in Sources */ = {isa = PBXBuildFile; fileRef = AB8927A51E7AA27300546E06 /* DemoScene.swift */; };
		AB8927CC1E7AA27300546E06 /* Game.swift in Sources */ = {isa = PBXBuildFile; fileRef = AB8927A61E7AA27300546E06 /* Game.swift */; };
		AB8927CD1E7AA27300546E06 /* GameInteraction.swift in Sources */ = {isa = PBXBuildFile; fileRef = AB8927A71E7AA27300546E06 /* GameInteraction.swift */; };
		AB8927CE1E7AA27300546E06 /* GameScene.sks in Resources */ = {isa = PBXBuildFile; fileRef = AB8927A81E7AA27300546E06 /* GameScene.sks */; };
		AB8927CF1E7AA27300546E06 /* GameScene.swift in Sources */ = {isa = PBXBuildFile; fileRef = AB8927A91E7AA27300546E06 /* GameScene.swift */; };
		AB8927D01E7AA27300546E06 /* GameScore.swift in Sources */ = {isa = PBXBuildFile; fileRef = AB8927AA1E7AA27300546E06 /* GameScore.swift */; };
		AB8927D11E7AA27300546E06 /* GameViewController.swift in Sources */ = {isa = PBXBuildFile; fileRef = AB8927AB1E7AA27300546E06 /* GameViewController.swift */; };
		AB8927D21E7AA27300546E06 /* GKCenter.swift in Sources */ = {isa = PBXBuildFile; fileRef = AB8927AC1E7AA27300546E06 /* GKCenter.swift */; };
		AB8927D31E7AA27300546E06 /* Graph.swift in Sources */ = {isa = PBXBuildFile; fileRef = AB8927AD1E7AA27300546E06 /* Graph.swift */; };
		AB8927D41E7AA27300546E06 /* GraphMap.swift in Sources */ = {isa = PBXBuildFile; fileRef = AB8927AE1E7AA27300546E06 /* GraphMap.swift */; };
		AB8927D71E7AA27300546E06 /* Info.plist in Resources */ = {isa = PBXBuildFile; fileRef = AB8927B11E7AA27300546E06 /* Info.plist */; };
		AB8927D81E7AA27300546E06 /* Keys.swift in Sources */ = {isa = PBXBuildFile; fileRef = AB8927B21E7AA27300546E06 /* Keys.swift */; };
		AB8927D91E7AA27300546E06 /* Level.atlas in Resources */ = {isa = PBXBuildFile; fileRef = AB8927B31E7AA27300546E06 /* Level.atlas */; };
		AB8927DA1E7AA27300546E06 /* LevelCategory.swift in Sources */ = {isa = PBXBuildFile; fileRef = AB8927B41E7AA27300546E06 /* LevelCategory.swift */; };
		AB8927DB1E7AA27300546E06 /* Levels.swift in Sources */ = {isa = PBXBuildFile; fileRef = AB8927B51E7AA27300546E06 /* Levels.swift */; };
		AB8927DC1E7AA27300546E06 /* LevelScene.swift in Sources */ = {isa = PBXBuildFile; fileRef = AB8927B61E7AA27300546E06 /* LevelScene.swift */; };
		AB8927DD1E7AA27300546E06 /* MenuScene.swift in Sources */ = {isa = PBXBuildFile; fileRef = AB8927B71E7AA27300546E06 /* MenuScene.swift */; };
		AB8927DE1E7AA27300546E06 /* Notifications.swift in Sources */ = {isa = PBXBuildFile; fileRef = AB8927B81E7AA27300546E06 /* Notifications.swift */; };
		AB8927DF1E7AA27300546E06 /* Operations.swift in Sources */ = {isa = PBXBuildFile; fileRef = AB8927B91E7AA27300546E06 /* Operations.swift */; };
		AB8927E01E7AA27300546E06 /* ReviewAlerts.swift in Sources */ = {isa = PBXBuildFile; fileRef = AB8927BA1E7AA27300546E06 /* ReviewAlerts.swift */; };
		AB8927E11E7AA27300546E06 /* Scores.swift in Sources */ = {isa = PBXBuildFile; fileRef = AB8927BB1E7AA27300546E06 /* Scores.swift */; };
		AB8927E21E7AA27300546E06 /* ScoreScene.swift in Sources */ = {isa = PBXBuildFile; fileRef = AB8927BC1E7AA27300546E06 /* ScoreScene.swift */; };
		AB8927E31E7AA27300546E06 /* SKBonusNode.swift in Sources */ = {isa = PBXBuildFile; fileRef = AB8927BD1E7AA27300546E06 /* SKBonusNode.swift */; };
		AB8927E41E7AA27300546E06 /* SKEdgeNode.swift in Sources */ = {isa = PBXBuildFile; fileRef = AB8927BE1E7AA27300546E06 /* SKEdgeNode.swift */; };
		AB8927E51E7AA27300546E06 /* SKGraph.swift in Sources */ = {isa = PBXBuildFile; fileRef = AB8927BF1E7AA27300546E06 /* SKGraph.swift */; };
		AB8927E61E7AA27300546E06 /* SKMotion.swift in Sources */ = {isa = PBXBuildFile; fileRef = AB8927C01E7AA27300546E06 /* SKMotion.swift */; };
		AB8927E71E7AA27300546E06 /* SKVertexNode.swift in Sources */ = {isa = PBXBuildFile; fileRef = AB8927C11E7AA27300546E06 /* SKVertexNode.swift */; };
		AB8927E81E7AA27300546E06 /* SmokeParticle.sks in Resources */ = {isa = PBXBuildFile; fileRef = AB8927C21E7AA27300546E06 /* SmokeParticle.sks */; };
		AB8927E91E7AA27300546E06 /* spark.png in Resources */ = {isa = PBXBuildFile; fileRef = AB8927C31E7AA27300546E06 /* spark.png */; };
		AB8927EA1E7AA27300546E06 /* StatScene.swift in Sources */ = {isa = PBXBuildFile; fileRef = AB8927C41E7AA27300546E06 /* StatScene.swift */; };
		AB8927EB1E7AA27300546E06 /* Vertex.swift in Sources */ = {isa = PBXBuildFile; fileRef = AB8927C51E7AA27300546E06 /* Vertex.swift */; };
/* End PBXBuildFile section */

/* Begin PBXFileReference section */
		AB1B0D321E7AC8DD00D03A40 /* Assets.xcassets */ = {isa = PBXFileReference; lastKnownFileType = folder.assetcatalog; name = Assets.xcassets; path = Pathtime/Assets.xcassets; sourceTree = "<group>"; };
		AB5EBE7D1BE3223900C772FD /* Pathtime.app */ = {isa = PBXFileReference; explicitFileType = wrapper.application; includeInIndex = 0; path = Pathtime.app; sourceTree = BUILT_PRODUCTS_DIR; };
		AB7C13DB1CAFC20C003167F2 /* StoreKit.framework */ = {isa = PBXFileReference; lastKnownFileType = wrapper.framework; name = StoreKit.framework; path = System/Library/Frameworks/StoreKit.framework; sourceTree = SDKROOT; };
		AB8927A01E7AA27300546E06 /* AppDelegate.swift */ = {isa = PBXFileReference; fileEncoding = 4; lastKnownFileType = sourcecode.swift; name = AppDelegate.swift; path = Pathtime/AppDelegate.swift; sourceTree = "<group>"; };
		AB8927A21E7AA27300546E06 /* Base.lproj */ = {isa = PBXFileReference; lastKnownFileType = folder; name = Base.lproj; path = Pathtime/Base.lproj; sourceTree = "<group>"; };
		AB8927A31E7AA27300546E06 /* CustomColors.swift */ = {isa = PBXFileReference; fileEncoding = 4; lastKnownFileType = sourcecode.swift; name = CustomColors.swift; path = Pathtime/CustomColors.swift; sourceTree = "<group>"; };
		AB8927A41E7AA27300546E06 /* CustomFonts.swift */ = {isa = PBXFileReference; fileEncoding = 4; lastKnownFileType = sourcecode.swift; name = CustomFonts.swift; path = Pathtime/CustomFonts.swift; sourceTree = "<group>"; };
		AB8927A51E7AA27300546E06 /* DemoScene.swift */ = {isa = PBXFileReference; fileEncoding = 4; lastKnownFileType = sourcecode.swift; name = DemoScene.swift; path = Pathtime/DemoScene.swift; sourceTree = "<group>"; };
		AB8927A61E7AA27300546E06 /* Game.swift */ = {isa = PBXFileReference; fileEncoding = 4; lastKnownFileType = sourcecode.swift; name = Game.swift; path = Pathtime/Game.swift; sourceTree = "<group>"; };
		AB8927A71E7AA27300546E06 /* GameInteraction.swift */ = {isa = PBXFileReference; fileEncoding = 4; lastKnownFileType = sourcecode.swift; name = GameInteraction.swift; path = Pathtime/GameInteraction.swift; sourceTree = "<group>"; };
		AB8927A81E7AA27300546E06 /* GameScene.sks */ = {isa = PBXFileReference; lastKnownFileType = file.sks; name = GameScene.sks; path = Pathtime/GameScene.sks; sourceTree = "<group>"; };
		AB8927A91E7AA27300546E06 /* GameScene.swift */ = {isa = PBXFileReference; fileEncoding = 4; lastKnownFileType = sourcecode.swift; name = GameScene.swift; path = Pathtime/GameScene.swift; sourceTree = "<group>"; };
		AB8927AA1E7AA27300546E06 /* GameScore.swift */ = {isa = PBXFileReference; fileEncoding = 4; lastKnownFileType = sourcecode.swift; name = GameScore.swift; path = Pathtime/GameScore.swift; sourceTree = "<group>"; };
		AB8927AB1E7AA27300546E06 /* GameViewController.swift */ = {isa = PBXFileReference; fileEncoding = 4; lastKnownFileType = sourcecode.swift; name = GameViewController.swift; path = Pathtime/GameViewController.swift; sourceTree = "<group>"; };
		AB8927AC1E7AA27300546E06 /* GKCenter.swift */ = {isa = PBXFileReference; fileEncoding = 4; lastKnownFileType = sourcecode.swift; name = GKCenter.swift; path = Pathtime/GKCenter.swift; sourceTree = "<group>"; };
		AB8927AD1E7AA27300546E06 /* Graph.swift */ = {isa = PBXFileReference; fileEncoding = 4; lastKnownFileType = sourcecode.swift; name = Graph.swift; path = Pathtime/Graph.swift; sourceTree = "<group>"; };
		AB8927AE1E7AA27300546E06 /* GraphMap.swift */ = {isa = PBXFileReference; fileEncoding = 4; lastKnownFileType = sourcecode.swift; name = GraphMap.swift; path = Pathtime/GraphMap.swift; sourceTree = "<group>"; };
		AB8927B11E7AA27300546E06 /* Info.plist */ = {isa = PBXFileReference; fileEncoding = 4; lastKnownFileType = text.plist.xml; name = Info.plist; path = Pathtime/Info.plist; sourceTree = "<group>"; };
		AB8927B21E7AA27300546E06 /* Keys.swift */ = {isa = PBXFileReference; fileEncoding = 4; lastKnownFileType = sourcecode.swift; name = Keys.swift; path = Pathtime/Keys.swift; sourceTree = "<group>"; };
		AB8927B31E7AA27300546E06 /* Level.atlas */ = {isa = PBXFileReference; lastKnownFileType = folder.skatlas; name = Level.atlas; path = Pathtime/Level.atlas; sourceTree = "<group>"; };
		AB8927B41E7AA27300546E06 /* LevelCategory.swift */ = {isa = PBXFileReference; fileEncoding = 4; lastKnownFileType = sourcecode.swift; name = LevelCategory.swift; path = Pathtime/LevelCategory.swift; sourceTree = "<group>"; };
		AB8927B51E7AA27300546E06 /* Levels.swift */ = {isa = PBXFileReference; fileEncoding = 4; lastKnownFileType = sourcecode.swift; name = Levels.swift; path = Pathtime/Levels.swift; sourceTree = "<group>"; };
		AB8927B61E7AA27300546E06 /* LevelScene.swift */ = {isa = PBXFileReference; fileEncoding = 4; lastKnownFileType = sourcecode.swift; name = LevelScene.swift; path = Pathtime/LevelScene.swift; sourceTree = "<group>"; };
		AB8927B71E7AA27300546E06 /* MenuScene.swift */ = {isa = PBXFileReference; fileEncoding = 4; lastKnownFileType = sourcecode.swift; name = MenuScene.swift; path = Pathtime/MenuScene.swift; sourceTree = "<group>"; };
		AB8927B81E7AA27300546E06 /* Notifications.swift */ = {isa = PBXFileReference; fileEncoding = 4; lastKnownFileType = sourcecode.swift; name = Notifications.swift; path = Pathtime/Notifications.swift; sourceTree = "<group>"; };
		AB8927B91E7AA27300546E06 /* Operations.swift */ = {isa = PBXFileReference; fileEncoding = 4; lastKnownFileType = sourcecode.swift; name = Operations.swift; path = Pathtime/Operations.swift; sourceTree = "<group>"; };
		AB8927BA1E7AA27300546E06 /* ReviewAlerts.swift */ = {isa = PBXFileReference; fileEncoding = 4; lastKnownFileType = sourcecode.swift; name = ReviewAlerts.swift; path = Pathtime/ReviewAlerts.swift; sourceTree = "<group>"; };
		AB8927BB1E7AA27300546E06 /* Scores.swift */ = {isa = PBXFileReference; fileEncoding = 4; lastKnownFileType = sourcecode.swift; name = Scores.swift; path = Pathtime/Scores.swift; sourceTree = "<group>"; };
		AB8927BC1E7AA27300546E06 /* ScoreScene.swift */ = {isa = PBXFileReference; fileEncoding = 4; lastKnownFileType = sourcecode.swift; name = ScoreScene.swift; path = Pathtime/ScoreScene.swift; sourceTree = "<group>"; };
		AB8927BD1E7AA27300546E06 /* SKBonusNode.swift */ = {isa = PBXFileReference; fileEncoding = 4; lastKnownFileType = sourcecode.swift; name = SKBonusNode.swift; path = Pathtime/SKBonusNode.swift; sourceTree = "<group>"; };
		AB8927BE1E7AA27300546E06 /* SKEdgeNode.swift */ = {isa = PBXFileReference; fileEncoding = 4; lastKnownFileType = sourcecode.swift; name = SKEdgeNode.swift; path = Pathtime/SKEdgeNode.swift; sourceTree = "<group>"; };
		AB8927BF1E7AA27300546E06 /* SKGraph.swift */ = {isa = PBXFileReference; fileEncoding = 4; lastKnownFileType = sourcecode.swift; name = SKGraph.swift; path = Pathtime/SKGraph.swift; sourceTree = "<group>"; };
		AB8927C01E7AA27300546E06 /* SKMotion.swift */ = {isa = PBXFileReference; fileEncoding = 4; lastKnownFileType = sourcecode.swift; name = SKMotion.swift; path = Pathtime/SKMotion.swift; sourceTree = "<group>"; };
		AB8927C11E7AA27300546E06 /* SKVertexNode.swift */ = {isa = PBXFileReference; fileEncoding = 4; lastKnownFileType = sourcecode.swift; name = SKVertexNode.swift; path = Pathtime/SKVertexNode.swift; sourceTree = "<group>"; };
		AB8927C21E7AA27300546E06 /* SmokeParticle.sks */ = {isa = PBXFileReference; lastKnownFileType = file.sks; name = SmokeParticle.sks; path = Pathtime/SmokeParticle.sks; sourceTree = "<group>"; };
		AB8927C31E7AA27300546E06 /* spark.png */ = {isa = PBXFileReference; lastKnownFileType = image.png; name = spark.png; path = Pathtime/spark.png; sourceTree = "<group>"; };
		AB8927C41E7AA27300546E06 /* StatScene.swift */ = {isa = PBXFileReference; fileEncoding = 4; lastKnownFileType = sourcecode.swift; name = StatScene.swift; path = Pathtime/StatScene.swift; sourceTree = "<group>"; };
		AB8927C51E7AA27300546E06 /* Vertex.swift */ = {isa = PBXFileReference; fileEncoding = 4; lastKnownFileType = sourcecode.swift; name = Vertex.swift; path = Pathtime/Vertex.swift; sourceTree = "<group>"; };
/* End PBXFileReference section */

/* Begin PBXFrameworksBuildPhase section */
		AB5EBE7A1BE3223900C772FD /* Frameworks */ = {
			isa = PBXFrameworksBuildPhase;
			buildActionMask = 2147483647;
			files = (
				AB7C13DC1CAFC20C003167F2 /* StoreKit.framework in Frameworks */,
			);
			runOnlyForDeploymentPostprocessing = 0;
		};
/* End PBXFrameworksBuildPhase section */

/* Begin PBXGroup section */
		AB1B0D2B1E7AC75F00D03A40 /* Scenes */ = {
			isa = PBXGroup;
			children = (
				AB8927B61E7AA27300546E06 /* LevelScene.swift */,
				AB8927B71E7AA27300546E06 /* MenuScene.swift */,
				AB8927BC1E7AA27300546E06 /* ScoreScene.swift */,
				AB8927C41E7AA27300546E06 /* StatScene.swift */,
				AB8927A51E7AA27300546E06 /* DemoScene.swift */,
				AB8927A91E7AA27300546E06 /* GameScene.swift */,
			);
			name = Scenes;
			sourceTree = "<group>";
		};
		AB1B0D2C1E7AC78100D03A40 /* Constants */ = {
			isa = PBXGroup;
			children = (
				AB8927A31E7AA27300546E06 /* CustomColors.swift */,
				AB8927A41E7AA27300546E06 /* CustomFonts.swift */,
				AB8927A61E7AA27300546E06 /* Game.swift */,
				AB8927AC1E7AA27300546E06 /* GKCenter.swift */,
				AB8927B21E7AA27300546E06 /* Keys.swift */,
				AB8927B51E7AA27300546E06 /* Levels.swift */,
				AB8927B81E7AA27300546E06 /* Notifications.swift */,
				AB8927BA1E7AA27300546E06 /* ReviewAlerts.swift */,
				AB8927BB1E7AA27300546E06 /* Scores.swift */,
			);
			name = Constants;
			sourceTree = "<group>";
		};
		AB1B0D2D1E7AC79A00D03A40 /* SKnodes */ = {
			isa = PBXGroup;
			children = (
				AB8927C11E7AA27300546E06 /* SKVertexNode.swift */,
				AB8927AE1E7AA27300546E06 /* GraphMap.swift */,
				AB8927BD1E7AA27300546E06 /* SKBonusNode.swift */,
				AB8927BE1E7AA27300546E06 /* SKEdgeNode.swift */,
				AB8927BF1E7AA27300546E06 /* SKGraph.swift */,
			);
			name = SKnodes;
			sourceTree = "<group>";
		};
		AB1B0D2E1E7AC7A500D03A40 /* Graphs */ = {
			isa = PBXGroup;
			children = (
				AB8927AD1E7AA27300546E06 /* Graph.swift */,
				AB8927C51E7AA27300546E06 /* Vertex.swift */,
			);
			name = Graphs;
			sourceTree = "<group>";
		};
		AB1B0D2F1E7AC7AC00D03A40 /* Game Objects */ = {
			isa = PBXGroup;
			children = (
				AB8927AA1E7AA27300546E06 /* GameScore.swift */,
				AB1B0D2E1E7AC7A500D03A40 /* Graphs */,
				AB1B0D2D1E7AC79A00D03A40 /* SKnodes */,
			);
			name = "Game Objects";
			sourceTree = "<group>";
		};
		AB1B0D301E7AC7BA00D03A40 /* Enum */ = {
			isa = PBXGroup;
			children = (
				AB8927A71E7AA27300546E06 /* GameInteraction.swift */,
				AB8927B41E7AA27300546E06 /* LevelCategory.swift */,
			);
			name = Enum;
			sourceTree = "<group>";
		};
		AB1B0D311E7AC81800D03A40 /* Tools */ = {
			isa = PBXGroup;
			children = (
				AB8927B91E7AA27300546E06 /* Operations.swift */,
				AB8927C01E7AA27300546E06 /* SKMotion.swift */,
			);
			name = Tools;
			sourceTree = "<group>";
		};
		AB5EBE741BE3223900C772FD = {
			isa = PBXGroup;
			children = (
				AB8927EC1E7AA29100546E06 /* Pathtime */,
				AB7C13DB1CAFC20C003167F2 /* StoreKit.framework */,
				AB5EBE7E1BE3223900C772FD /* Products */,
			);
			sourceTree = "<group>";
		};
		AB5EBE7E1BE3223900C772FD /* Products */ = {
			isa = PBXGroup;
			children = (
				AB5EBE7D1BE3223900C772FD /* Pathtime.app */,
			);
			name = Products;
			sourceTree = "<group>";
		};
		AB8927EC1E7AA29100546E06 /* Pathtime */ = {
			isa = PBXGroup;
			children = (
				AB8927A01E7AA27300546E06 /* AppDelegate.swift */,
				AB1B0D321E7AC8DD00D03A40 /* Assets.xcassets */,
				AB8927A21E7AA27300546E06 /* Base.lproj */,
				AB8927A81E7AA27300546E06 /* GameScene.sks */,
				AB8927C21E7AA27300546E06 /* SmokeParticle.sks */,
				AB8927C31E7AA27300546E06 /* spark.png */,
				AB1B0D2C1E7AC78100D03A40 /* Constants */,
				AB1B0D2B1E7AC75F00D03A40 /* Scenes */,
				AB1B0D301E7AC7BA00D03A40 /* Enum */,
				AB1B0D2F1E7AC7AC00D03A40 /* Game Objects */,
				AB8927AB1E7AA27300546E06 /* GameViewController.swift */,
				AB8927B11E7AA27300546E06 /* Info.plist */,
				AB8927B31E7AA27300546E06 /* Level.atlas */,
				AB1B0D311E7AC81800D03A40 /* Tools */,
			);
			name = Pathtime;
			sourceTree = "<group>";
		};
/* End PBXGroup section */

/* Begin PBXNativeTarget section */
		AB5EBE7C1BE3223900C772FD /* Pathtime */ = {
			isa = PBXNativeTarget;
			buildConfigurationList = AB5EBEA91BE3223900C772FD /* Build configuration list for PBXNativeTarget "Pathtime" */;
			buildPhases = (
				AB5EBE791BE3223900C772FD /* Sources */,
				AB5EBE7A1BE3223900C772FD /* Frameworks */,
				AB5EBE7B1BE3223900C772FD /* Resources */,
			);
			buildRules = (
			);
			dependencies = (
			);
			name = Pathtime;
			productName = EulerianPathDraft3;
			productReference = AB5EBE7D1BE3223900C772FD /* Pathtime.app */;
			productType = "com.apple.product-type.application";
		};
/* End PBXNativeTarget section */

/* Begin PBXProject section */
		AB5EBE751BE3223900C772FD /* Project object */ = {
			isa = PBXProject;
			attributes = {
				LastUpgradeCheck = 0800;
				ORGANIZATIONNAME = "Jonathan Fiorentini";
				TargetAttributes = {
					AB5EBE7C1BE3223900C772FD = {
						CreatedOnToolsVersion = 7.0;
						LastSwiftMigration = 0800;
						SystemCapabilities = {
							com.apple.GameCenter = {
								enabled = 0;
							};
							com.apple.InAppPurchase = {
								enabled = 1;
							};
						};
					};
				};
			};
			buildConfigurationList = AB5EBE781BE3223900C772FD /* Build configuration list for PBXProject "Pathtime" */;
			compatibilityVersion = "Xcode 3.2";
			developmentRegion = English;
			hasScannedForEncodings = 0;
			knownRegions = (
				en,
				Base,
			);
			mainGroup = AB5EBE741BE3223900C772FD;
			productRefGroup = AB5EBE7E1BE3223900C772FD /* Products */;
			projectDirPath = "";
			projectRoot = "";
			targets = (
				AB5EBE7C1BE3223900C772FD /* Pathtime */,
			);
		};
/* End PBXProject section */

/* Begin PBXResourcesBuildPhase section */
		AB5EBE7B1BE3223900C772FD /* Resources */ = {
			isa = PBXResourcesBuildPhase;
			buildActionMask = 2147483647;
			files = (
				AB8927E81E7AA27300546E06 /* SmokeParticle.sks in Resources */,
				AB8927C81E7AA27300546E06 /* Base.lproj in Resources */,
				AB8927E91E7AA27300546E06 /* spark.png in Resources */,
				AB8927D91E7AA27300546E06 /* Level.atlas in Resources */,
				AB1B0D331E7AC8DD00D03A40 /* Assets.xcassets in Resources */,
				AB8927CE1E7AA27300546E06 /* GameScene.sks in Resources */,
				AB8927D71E7AA27300546E06 /* Info.plist in Resources */,
			);
			runOnlyForDeploymentPostprocessing = 0;
		};
/* End PBXResourcesBuildPhase section */

/* Begin PBXSourcesBuildPhase section */
		AB5EBE791BE3223900C772FD /* Sources */ = {
			isa = PBXSourcesBuildPhase;
			buildActionMask = 2147483647;
			files = (
				AB8927DF1E7AA27300546E06 /* Operations.swift in Sources */,
				AB8927E21E7AA27300546E06 /* ScoreScene.swift in Sources */,
				AB8927D21E7AA27300546E06 /* GKCenter.swift in Sources */,
				AB8927E11E7AA27300546E06 /* Scores.swift in Sources */,
				AB8927E51E7AA27300546E06 /* SKGraph.swift in Sources */,
				AB8927E61E7AA27300546E06 /* SKMotion.swift in Sources */,
				AB8927D01E7AA27300546E06 /* GameScore.swift in Sources */,
				AB8927D41E7AA27300546E06 /* GraphMap.swift in Sources */,
				AB8927C61E7AA27300546E06 /* AppDelegate.swift in Sources */,
				AB8927CB1E7AA27300546E06 /* DemoScene.swift in Sources */,
				AB8927DA1E7AA27300546E06 /* LevelCategory.swift in Sources */,
				AB8927DD1E7AA27300546E06 /* MenuScene.swift in Sources */,
				AB8927DB1E7AA27300546E06 /* Levels.swift in Sources */,
				AB8927CD1E7AA27300546E06 /* GameInteraction.swift in Sources */,
				AB8927C91E7AA27300546E06 /* CustomColors.swift in Sources */,
				AB8927D11E7AA27300546E06 /* GameViewController.swift in Sources */,
				AB8927CF1E7AA27300546E06 /* GameScene.swift in Sources */,
				AB8927CC1E7AA27300546E06 /* Game.swift in Sources */,
				AB8927DE1E7AA27300546E06 /* Notifications.swift in Sources */,
				AB8927D81E7AA27300546E06 /* Keys.swift in Sources */,
				AB8927E41E7AA27300546E06 /* SKEdgeNode.swift in Sources */,
				AB8927E01E7AA27300546E06 /* ReviewAlerts.swift in Sources */,
				AB8927D31E7AA27300546E06 /* Graph.swift in Sources */,
				AB8927DC1E7AA27300546E06 /* LevelScene.swift in Sources */,
				AB8927E31E7AA27300546E06 /* SKBonusNode.swift in Sources */,
				AB8927E71E7AA27300546E06 /* SKVertexNode.swift in Sources */,
				AB8927CA1E7AA27300546E06 /* CustomFonts.swift in Sources */,
				AB8927EB1E7AA27300546E06 /* Vertex.swift in Sources */,
				AB8927EA1E7AA27300546E06 /* StatScene.swift in Sources */,
			);
			runOnlyForDeploymentPostprocessing = 0;
		};
/* End PBXSourcesBuildPhase section */

/* Begin XCBuildConfiguration section */
		AB5EBEA71BE3223900C772FD /* Debug */ = {
			isa = XCBuildConfiguration;
			buildSettings = {
				ALWAYS_SEARCH_USER_PATHS = NO;
				CLANG_CXX_LANGUAGE_STANDARD = "gnu++0x";
				CLANG_CXX_LIBRARY = "libc++";
				CLANG_ENABLE_MODULES = YES;
				CLANG_ENABLE_OBJC_ARC = YES;
				CLANG_WARN_BOOL_CONVERSION = YES;
				CLANG_WARN_CONSTANT_CONVERSION = YES;
				CLANG_WARN_DIRECT_OBJC_ISA_USAGE = YES_ERROR;
				CLANG_WARN_EMPTY_BODY = YES;
				CLANG_WARN_ENUM_CONVERSION = YES;
				CLANG_WARN_INFINITE_RECURSION = YES;
				CLANG_WARN_INT_CONVERSION = YES;
				CLANG_WARN_OBJC_ROOT_CLASS = YES_ERROR;
				CLANG_WARN_SUSPICIOUS_MOVE = YES;
				CLANG_WARN_UNREACHABLE_CODE = YES;
				CLANG_WARN__DUPLICATE_METHOD_MATCH = YES;
				"CODE_SIGN_IDENTITY[sdk=iphoneos*]" = "iPhone Developer";
				COPY_PHASE_STRIP = NO;
				DEBUG_INFORMATION_FORMAT = "dwarf-with-dsym";
				ENABLE_STRICT_OBJC_MSGSEND = YES;
				ENABLE_TESTABILITY = YES;
				GCC_C_LANGUAGE_STANDARD = gnu99;
				GCC_DYNAMIC_NO_PIC = NO;
				GCC_NO_COMMON_BLOCKS = YES;
				GCC_OPTIMIZATION_LEVEL = 0;
				GCC_PREPROCESSOR_DEFINITIONS = (
					"DEBUG=1",
					"$(inherited)",
				);
				GCC_WARN_64_TO_32_BIT_CONVERSION = YES;
				GCC_WARN_ABOUT_RETURN_TYPE = YES_ERROR;
				GCC_WARN_UNDECLARED_SELECTOR = YES;
				GCC_WARN_UNINITIALIZED_AUTOS = YES_AGGRESSIVE;
				GCC_WARN_UNUSED_FUNCTION = YES;
				GCC_WARN_UNUSED_VARIABLE = YES;
				IPHONEOS_DEPLOYMENT_TARGET = 9.0;
				MTL_ENABLE_DEBUG_INFO = YES;
				ONLY_ACTIVE_ARCH = YES;
				SDKROOT = iphoneos;
				SWIFT_OPTIMIZATION_LEVEL = "-Onone";
				TARGETED_DEVICE_FAMILY = "1,2";
			};
			name = Debug;
		};
		AB5EBEA81BE3223900C772FD /* Release */ = {
			isa = XCBuildConfiguration;
			buildSettings = {
				ALWAYS_SEARCH_USER_PATHS = NO;
				CLANG_CXX_LANGUAGE_STANDARD = "gnu++0x";
				CLANG_CXX_LIBRARY = "libc++";
				CLANG_ENABLE_MODULES = YES;
				CLANG_ENABLE_OBJC_ARC = YES;
				CLANG_WARN_BOOL_CONVERSION = YES;
				CLANG_WARN_CONSTANT_CONVERSION = YES;
				CLANG_WARN_DIRECT_OBJC_ISA_USAGE = YES_ERROR;
				CLANG_WARN_EMPTY_BODY = YES;
				CLANG_WARN_ENUM_CONVERSION = YES;
				CLANG_WARN_INFINITE_RECURSION = YES;
				CLANG_WARN_INT_CONVERSION = YES;
				CLANG_WARN_OBJC_ROOT_CLASS = YES_ERROR;
				CLANG_WARN_SUSPICIOUS_MOVE = YES;
				CLANG_WARN_UNREACHABLE_CODE = YES;
				CLANG_WARN__DUPLICATE_METHOD_MATCH = YES;
				"CODE_SIGN_IDENTITY[sdk=iphoneos*]" = "iPhone Developer";
				COPY_PHASE_STRIP = NO;
				DEBUG_INFORMATION_FORMAT = "dwarf-with-dsym";
				ENABLE_NS_ASSERTIONS = NO;
				ENABLE_STRICT_OBJC_MSGSEND = YES;
				GCC_C_LANGUAGE_STANDARD = gnu99;
				GCC_NO_COMMON_BLOCKS = YES;
				GCC_WARN_64_TO_32_BIT_CONVERSION = YES;
				GCC_WARN_ABOUT_RETURN_TYPE = YES_ERROR;
				GCC_WARN_UNDECLARED_SELECTOR = YES;
				GCC_WARN_UNINITIALIZED_AUTOS = YES_AGGRESSIVE;
				GCC_WARN_UNUSED_FUNCTION = YES;
				GCC_WARN_UNUSED_VARIABLE = YES;
				IPHONEOS_DEPLOYMENT_TARGET = 9.0;
				MTL_ENABLE_DEBUG_INFO = NO;
				SDKROOT = iphoneos;
				SWIFT_OPTIMIZATION_LEVEL = "-Owholemodule";
				TARGETED_DEVICE_FAMILY = "1,2";
				VALIDATE_PRODUCT = YES;
			};
			name = Release;
		};
		AB5EBEAA1BE3223900C772FD /* Debug */ = {
			isa = XCBuildConfiguration;
			buildSettings = {
				ASSETCATALOG_COMPILER_APPICON_NAME = AppIcon;
				CODE_SIGN_IDENTITY = "iPhone Developer";
				"CODE_SIGN_IDENTITY[sdk=iphoneos*]" = "iPhone Developer";
				DEVELOPMENT_TEAM = "";
				"Enable Warnings" = Yes;
				INFOPLIST_FILE = Pathtime/Info.plist;
				LD_RUNPATH_SEARCH_PATHS = "$(inherited) @executable_path/Frameworks";
				PRODUCT_BUNDLE_IDENTIFIER = com.pathtime.path;
				PRODUCT_NAME = Pathtime;
				PROVISIONING_PROFILE = "";
				SWIFT_VERSION = 3.0;
				TARGETED_DEVICE_FAMILY = "1,2";
			};
			name = Debug;
		};
		AB5EBEAB1BE3223900C772FD /* Release */ = {
			isa = XCBuildConfiguration;
			buildSettings = {
				ASSETCATALOG_COMPILER_APPICON_NAME = AppIcon;
				CODE_SIGN_IDENTITY = "iPhone Developer";
				"CODE_SIGN_IDENTITY[sdk=iphoneos*]" = "iPhone Developer";
				DEVELOPMENT_TEAM = "";
				"Enable Warnings" = Yes;
				INFOPLIST_FILE = Pathtime/Info.plist;
				LD_RUNPATH_SEARCH_PATHS = "$(inherited) @executable_path/Frameworks";
				PRODUCT_BUNDLE_IDENTIFIER = com.pathtime.path;
				PRODUCT_NAME = Pathtime;
				PROVISIONING_PROFILE = "";
				SWIFT_VERSION = 3.0;
				TARGETED_DEVICE_FAMILY = "1,2";
			};
			name = Release;
		};
/* End XCBuildConfiguration section */

/* Begin XCConfigurationList section */
		AB5EBE781BE3223900C772FD /* Build configuration list for PBXProject "Pathtime" */ = {
			isa = XCConfigurationList;
			buildConfigurations = (
				AB5EBEA71BE3223900C772FD /* Debug */,
				AB5EBEA81BE3223900C772FD /* Release */,
			);
			defaultConfigurationIsVisible = 0;
			defaultConfigurationName = Release;
		};
		AB5EBEA91BE3223900C772FD /* Build configuration list for PBXNativeTarget "Pathtime" */ = {
			isa = XCConfigurationList;
			buildConfigurations = (
				AB5EBEAA1BE3223900C772FD /* Debug */,
				AB5EBEAB1BE3223900C772FD /* Release */,
			);
			defaultConfigurationIsVisible = 0;
			defaultConfigurationName = Release;
		};
/* End XCConfigurationList section */
	};
	rootObject = AB5EBE751BE3223900C772FD /* Project object */;
}
